<?xml version="1.0" encoding="utf-8"?>
<Project ToolsVersion="4.0" xmlns="http://schemas.microsoft.com/developer/msbuild/2003">
  <ItemGroup>
    <ClCompile Include="main.cpp" />
    <ClCompile Include="SystemTraySDK.cpp" />
    <ClCompile Include="ServiceBase.cpp">
      <Filter>service</Filter>
    </ClCompile>
    <ClCompile Include="ServiceInstaller.cpp">
      <Filter>service</Filter>
    </ClCompile>
  </ItemGroup>
  <ItemGroup>
    <ClInclude Include="resource.h" />
    <ClInclude Include="SystemTraySDK.h" />
    <ClInclude Include="ServiceBase.h">
      <Filter>service</Filter>
    </ClInclude>
    <ClInclude Include="ServiceInstaller.h">
      <Filter>service</Filter>
    </ClInclude>
  </ItemGroup>
  <ItemGroup>
    <ResourceCompile Include="main.rc" />
  </ItemGroup>
  <ItemGroup>
    <Filter Include="res">
      <UniqueIdentifier>{406d52e0-c7d5-4c42-9569-a8bba9c97f6b}</UniqueIdentifier>
    </Filter>
    <Filter Include="service">
      <UniqueIdentifier>{7f48cb4d-938d-4826-bd67-baf8b43da0c9}</UniqueIdentifier>
    </Filter>
  </ItemGroup>
  <ItemGroup>
    <Image Include="res\eye_closed.ico">
      <Filter>res</Filter>
    </Image>
    <Image Include="res\eye_open.ico">
      <Filter>res</Filter>
    </Image>
  </ItemGroup>
</Project>